
Microsoft Visual Studio Solution File, Format Version 12.00
# Visual Studio Version 17
VisualStudioVersion = 17.9.34723.18
MinimumVisualStudioVersion = 10.0.40219.1
Project("{FAE04EC0-301F-11D3-BF4B-00C04F79EFBC}") = "213023_372_Etapa3_Henry_Rodriguez", "213023_372_Etapa3_Henry_Rodriguez\213023_372_Etapa3_Henry_Rodriguez.csproj", "{AC198970-3B9D-41DE-BAC1-F14320A92631}"
EndProject
Global
	GlobalSection(SolutionConfigurationPlatforms) = preSolution
		Debug|Any CPU = Debug|Any CPU
		Release|Any CPU = Release|Any CPU
	EndGlobalSection
	GlobalSection(ProjectConfigurationPlatforms) = postSolution
		{AC198970-3B9D-41DE-BAC1-F14320A92631}.Debug|Any CPU.ActiveCfg = Debug|Any CPU
		{AC198970-3B9D-41DE-BAC1-F14320A92631}.Debug|Any CPU.Build.0 = Debug|Any CPU
		{AC198970-3B9D-41DE-BAC1-F14320A92631}.Release|Any CPU.ActiveCfg = Release|Any CPU
		{AC198970-3B9D-41DE-BAC1-F14320A92631}.Release|Any CPU.Build.0 = Release|Any CPU
	EndGlobalSection
	GlobalSection(SolutionProperties) = preSolution
		HideSolutionNode = FALSE
	EndGlobalSection
	GlobalSection(ExtensibilityGlobals) = postSolution
		SolutionGuid = {E741AA9A-DBB3-4FE3-AC11-E03FFCF7FFC9}
	EndGlobalSection
EndGlobal
